Microsoft Visual Studio Solution File, Format Version 12.00
# Visual Studio Version 17
VisualStudioVersion = 17.5.33414.496
MinimumVisualStudioVersion = 10.0.40219.1
Project("{FAE04EC0-301F-11D3-BF4B-00C04F79EFBC}") = "vducvn.", "vducvn\vducvn..csproj", "{3D0146E5-03D3-4150-9D61-F6FDD03AE06F}"
EndProject
Global
	GlobalSection(SolutionConfigurationPlatforms) = preSolution
		Debug|Any CPU = Debug|Any CPU
		Release|Any CPU = Release|Any CPU
	EndGlobalSection
	GlobalSection(ProjectConfigurationPlatforms) = postSolution
		{3D0146E5-03D3-4150-9D61-F6FDD03AE06F}.Debug|Any CPU.ActiveCfg = Debug|Any CPU
		{3D0146E5-03D3-4150-9D61-F6FDD03AE06F}.Debug|Any CPU.Build.0 = Debug|Any CPU
		{3D0146E5-03D3-4150-9D61-F6FDD03AE06F}.Release|Any CPU.ActiveCfg = Release|Any CPU
		{3D0146E5-03D3-4150-9D61-F6FDD03AE06F}.Release|Any CPU.Build.0 = Release|Any CPU
	EndGlobalSection
	GlobalSection(SolutionProperties) = preSolution
		HideSolutionNode = FALSE
	EndGlobalSection
	GlobalSection(ExtensibilityGlobals) = postSolution
		SolutionGuid = {E26961D5-74E4-4576-89ED-05958FEEC35E}
	EndGlobalSection
EndGlobal
